
Microsoft Visual Studio Solution File, Format Version 12.00
# Visual Studio 15
VisualStudioVersion = 15.0.26124.0
MinimumVisualStudioVersion = 15.0.26124.0
Project("{FAE04EC0-301F-11D3-BF4B-00C04F79EFBC}") = "TodoList.Api", "TodoList.Api\TodoList.Api.csproj", "{3C079ED2-4882-4D9C-9F00-E91DC3C71A51}"
EndProject
Project("{FAE04EC0-301F-11D3-BF4B-00C04F79EFBC}") = "TodoList.Domain", "TodoList.Domain\TodoList.Domain.csproj", "{09FB6E1D-056E-4CEB-BE9E-92FC478BFA32}"
EndProject
Project("{FAE04EC0-301F-11D3-BF4B-00C04F79EFBC}") = "TodoList.Infrastructure", "TodoList.Infrastructure\TodoList.Infrastructure.csproj", "{303728B2-ED0A-4215-818A-931453FFBF51}"
EndProject
Project("{FAE04EC0-301F-11D3-BF4B-00C04F79EFBC}") = "TodoList.Infrastructure.Test", "TodoList.Infrastructure.Test\TodoList.Infrastructure.Test.csproj", "{81F68AA2-7E27-4E18-BDB3-F38A98D3D348}"
EndProject
Global
	GlobalSection(SolutionConfigurationPlatforms) = preSolution
		Debug|Any CPU = Debug|Any CPU
		Debug|x64 = Debug|x64
		Debug|x86 = Debug|x86
		Release|Any CPU = Release|Any CPU
		Release|x64 = Release|x64
		Release|x86 = Release|x86
	EndGlobalSection
	GlobalSection(SolutionProperties) = preSolution
		HideSolutionNode = FALSE
	EndGlobalSection
	GlobalSection(ProjectConfigurationPlatforms) = postSolution
		{3C079ED2-4882-4D9C-9F00-E91DC3C71A51}.Debug|Any CPU.ActiveCfg = Debug|Any CPU
		{3C079ED2-4882-4D9C-9F00-E91DC3C71A51}.Debug|Any CPU.Build.0 = Debug|Any CPU
		{3C079ED2-4882-4D9C-9F00-E91DC3C71A51}.Debug|x64.ActiveCfg = Debug|Any CPU
		{3C079ED2-4882-4D9C-9F00-E91DC3C71A51}.Debug|x64.Build.0 = Debug|Any CPU
		{3C079ED2-4882-4D9C-9F00-E91DC3C71A51}.Debug|x86.ActiveCfg = Debug|Any CPU
		{3C079ED2-4882-4D9C-9F00-E91DC3C71A51}.Debug|x86.Build.0 = Debug|Any CPU
		{3C079ED2-4882-4D9C-9F00-E91DC3C71A51}.Release|Any CPU.ActiveCfg = Release|Any CPU
		{3C079ED2-4882-4D9C-9F00-E91DC3C71A51}.Release|Any CPU.Build.0 = Release|Any CPU
		{3C079ED2-4882-4D9C-9F00-E91DC3C71A51}.Release|x64.ActiveCfg = Release|Any CPU
		{3C079ED2-4882-4D9C-9F00-E91DC3C71A51}.Release|x64.Build.0 = Release|Any CPU
		{3C079ED2-4882-4D9C-9F00-E91DC3C71A51}.Release|x86.ActiveCfg = Release|Any CPU
		{3C079ED2-4882-4D9C-9F00-E91DC3C71A51}.Release|x86.Build.0 = Release|Any CPU
		{09FB6E1D-056E-4CEB-BE9E-92FC478BFA32}.Debug|Any CPU.ActiveCfg = Debug|Any CPU
		{09FB6E1D-056E-4CEB-BE9E-92FC478BFA32}.Debug|Any CPU.Build.0 = Debug|Any CPU
		{09FB6E1D-056E-4CEB-BE9E-92FC478BFA32}.Debug|x64.ActiveCfg = Debug|Any CPU
		{09FB6E1D-056E-4CEB-BE9E-92FC478BFA32}.Debug|x64.Build.0 = Debug|Any CPU
		{09FB6E1D-056E-4CEB-BE9E-92FC478BFA32}.Debug|x86.ActiveCfg = Debug|Any CPU
		{09FB6E1D-056E-4CEB-BE9E-92FC478BFA32}.Debug|x86.Build.0 = Debug|Any CPU
		{09FB6E1D-056E-4CEB-BE9E-92FC478BFA32}.Release|Any CPU.ActiveCfg = Release|Any CPU
		{09FB6E1D-056E-4CEB-BE9E-92FC478BFA32}.Release|Any CPU.Build.0 = Release|Any CPU
		{09FB6E1D-056E-4CEB-BE9E-92FC478BFA32}.Release|x64.ActiveCfg = Release|Any CPU
		{09FB6E1D-056E-4CEB-BE9E-92FC478BFA32}.Release|x64.Build.0 = Release|Any CPU
		{09FB6E1D-056E-4CEB-BE9E-92FC478BFA32}.Release|x86.ActiveCfg = Release|Any CPU
		{09FB6E1D-056E-4CEB-BE9E-92FC478BFA32}.Release|x86.Build.0 = Release|Any CPU
		{303728B2-ED0A-4215-818A-931453FFBF51}.Debug|Any CPU.ActiveCfg = Debug|Any CPU
		{303728B2-ED0A-4215-818A-931453FFBF51}.Debug|Any CPU.Build.0 = Debug|Any CPU
		{303728B2-ED0A-4215-818A-931453FFBF51}.Debug|x64.ActiveCfg = Debug|Any CPU
		{303728B2-ED0A-4215-818A-931453FFBF51}.Debug|x64.Build.0 = Debug|Any CPU
		{303728B2-ED0A-4215-818A-931453FFBF51}.Debug|x86.ActiveCfg = Debug|Any CPU
		{303728B2-ED0A-4215-818A-931453FFBF51}.Debug|x86.Build.0 = Debug|Any CPU
		{303728B2-ED0A-4215-818A-931453FFBF51}.Release|Any CPU.ActiveCfg = Release|Any CPU
		{303728B2-ED0A-4215-818A-931453FFBF51}.Release|Any CPU.Build.0 = Release|Any CPU
		{303728B2-ED0A-4215-818A-931453FFBF51}.Release|x64.ActiveCfg = Release|Any CPU
		{303728B2-ED0A-4215-818A-931453FFBF51}.Release|x64.Build.0 = Release|Any CPU
		{303728B2-ED0A-4215-818A-931453FFBF51}.Release|x86.ActiveCfg = Release|Any CPU
		{303728B2-ED0A-4215-818A-931453FFBF51}.Release|x86.Build.0 = Release|Any CPU
		{81F68AA2-7E27-4E18-BDB3-F38A98D3D348}.Debug|Any CPU.ActiveCfg = Debug|Any CPU
		{81F68AA2-7E27-4E18-BDB3-F38A98D3D348}.Debug|Any CPU.Build.0 = Debug|Any CPU
		{81F68AA2-7E27-4E18-BDB3-F38A98D3D348}.Debug|x64.ActiveCfg = Debug|Any CPU
		{81F68AA2-7E27-4E18-BDB3-F38A98D3D348}.Debug|x64.Build.0 = Debug|Any CPU
		{81F68AA2-7E27-4E18-BDB3-F38A98D3D348}.Debug|x86.ActiveCfg = Debug|Any CPU
		{81F68AA2-7E27-4E18-BDB3-F38A98D3D348}.Debug|x86.Build.0 = Debug|Any CPU
		{81F68AA2-7E27-4E18-BDB3-F38A98D3D348}.Release|Any CPU.ActiveCfg = Release|Any CPU
		{81F68AA2-7E27-4E18-BDB3-F38A98D3D348}.Release|Any CPU.Build.0 = Release|Any CPU
		{81F68AA2-7E27-4E18-BDB3-F38A98D3D348}.Release|x64.ActiveCfg = Release|Any CPU
		{81F68AA2-7E27-4E18-BDB3-F38A98D3D348}.Release|x64.Build.0 = Release|Any CPU
		{81F68AA2-7E27-4E18-BDB3-F38A98D3D348}.Release|x86.ActiveCfg = Release|Any CPU
		{81F68AA2-7E27-4E18-BDB3-F38A98D3D348}.Release|x86.Build.0 = Release|Any CPU
	EndGlobalSection
EndGlobal
